
Microsoft Visual Studio Solution File, Format Version 12.00
# Visual Studio Version 17
VisualStudioVersion = 17.5.002.0
MinimumVisualStudioVersion = 10.0.40219.1
Project("{2150E333-8FDC-42A3-9474-1A3956D46DE8}") = "CsharpProjects", "CsharpProjects", "{BBE47442-CF62-4BFF-83A5-B400488B60E8}"
EndProject
Project("{9A19103F-16F7-4668-BE54-9A1E7A4F7556}") = "TestProject", "CsharpProjects\TestProject\TestProject.csproj", "{CCB79880-286E-4338-9EE3-AD714556159B}"
EndProject
Global
	GlobalSection(SolutionConfigurationPlatforms) = preSolution
		Debug|Any CPU = Debug|Any CPU
		Release|Any CPU = Release|Any CPU
	EndGlobalSection
	GlobalSection(ProjectConfigurationPlatforms) = postSolution
		{CCB79880-286E-4338-9EE3-AD714556159B}.Debug|Any CPU.ActiveCfg = Debug|Any CPU
		{CCB79880-286E-4338-9EE3-AD714556159B}.Debug|Any CPU.Build.0 = Debug|Any CPU
		{CCB79880-286E-4338-9EE3-AD714556159B}.Release|Any CPU.ActiveCfg = Release|Any CPU
		{CCB79880-286E-4338-9EE3-AD714556159B}.Release|Any CPU.Build.0 = Release|Any CPU
	EndGlobalSection
	GlobalSection(SolutionProperties) = preSolution
		HideSolutionNode = FALSE
	EndGlobalSection
	GlobalSection(NestedProjects) = preSolution
		{CCB79880-286E-4338-9EE3-AD714556159B} = {BBE47442-CF62-4BFF-83A5-B400488B60E8}
	EndGlobalSection
	GlobalSection(ExtensibilityGlobals) = postSolution
		SolutionGuid = {619019F8-105B-455B-AD78-1735B7B0D481}
	EndGlobalSection
EndGlobal
